{
  "name": "@daonomic/sale",
  "version": "0.3.20",
  "lockfileVersion": 1,
  "requires": true,
  "dependencies": {
    "@daonomic/lib": {
      "version": "0.1.1",
      "resolved": "https://registry.npmjs.org/@daonomic/lib/-/lib-0.1.1.tgz",
      "integrity": "sha512-WWH47EwQ3bcRXi7mgm28BksOk30Gdq2VRa4V08lLE+vVBvcyp6Jk5Fn5P2846UkxjnsjE+ioDLIZDYV6hl1suA==",
      "requires": {
        "openzeppelin-solidity": "2.1.2"
      }
    },
    "@daonomic/tests-common": {
      "version": "0.2.0",
      "resolved": "https://registry.npmjs.org/@daonomic/tests-common/-/tests-common-0.2.0.tgz",
      "integrity": "sha512-39a3038Uxq2jDdSUTsAbJuD9F+m35PZ0R6S0iSfVZEyebCfTK36fkTaH5p+OpT7SV/eBnfJkj4opfH5H+J/9pQ==",
      "dev": true
    },
    "openzeppelin-solidity": {
      "version": "2.1.2",
      "resolved": "https://registry.npmjs.org/openzeppelin-solidity/-/openzeppelin-solidity-2.1.2.tgz",
      "integrity": "sha512-1ggh+AZFpMAgGfgnVMQ8dwYawjD2QN4xuWkQS4FUbeUz1fnCKJpguUl2cyadyfDYjBq1XJ6MA6VkzYpTZtJMqw=="
    },
    "sleep-promise": {
      "version": "8.0.1",
      "resolved": "https://registry.npmjs.org/sleep-promise/-/sleep-promise-8.0.1.tgz",
      "integrity": "sha1-jXlaJ+ojlT32tSuRCB5eImZZk8U=",
      "dev": true
    }
  }
}
